// !$*UTF8*$!
{
	archiveVersion = 1;
	classes = {
	};
	objectVersion = 51;
	objects = {

/* Begin PBXBuildFile section */
		7A255EA90E9A33A8A0DF9B4A /* Pods_taskapp2.framework in Frameworks */ = {isa = PBXBuildFile; fileRef = 454B5F6337AE5265ED4984F0 /* Pods_taskapp2.framework */; };
		FF4B93BE22F54AB9000CEE00 /* AppDelegate.swift in Sources */ = {isa = PBXBuildFile; fileRef = FF4B93BD22F54AB9000CEE00 /* AppDelegate.swift */; };
		FF4B93C022F54AB9000CEE00 /* ViewController.swift in Sources */ = {isa = PBXBuildFile; fileRef = FF4B93BF22F54AB9000CEE00 /* ViewController.swift */; };
		FF4B93C322F54AB9000CEE00 /* Main.storyboard in Resources */ = {isa = PBXBuildFile; fileRef = FF4B93C122F54AB9000CEE00 /* Main.storyboard */; };
		FF4B93C522F54ABA000CEE00 /* Assets.xcassets in Resources */ = {isa = PBXBuildFile; fileRef = FF4B93C422F54ABA000CEE00 /* Assets.xcassets */; };
		FF4B93C822F54ABA000CEE00 /* LaunchScreen.storyboard in Resources */ = {isa = PBXBuildFile; fileRef = FF4B93C622F54ABA000CEE00 /* LaunchScreen.storyboard */; };
		FF4B93D022F54DB8000CEE00 /* InputViewController.swift in Sources */ = {isa = PBXBuildFile; fileRef = FF4B93CF22F54DB8000CEE00 /* InputViewController.swift */; };
		FFC846AC22F5510300663FBD /* Task.swift in Sources */ = {isa = PBXBuildFile; fileRef = FFC846AB22F5510300663FBD /* Task.swift */; };
/* End PBXBuildFile section */

/* Begin PBXFileReference section */
		454B5F6337AE5265ED4984F0 /* Pods_taskapp2.framework */ = {isa = PBXFileReference; explicitFileType = wrapper.framework; includeInIndex = 0; path = Pods_taskapp2.framework; sourceTree = BUILT_PRODUCTS_DIR; };
		8EAD84BF54E4EA060AB28F2E /* Pods-taskapp2.release.xcconfig */ = {isa = PBXFileReference; includeInIndex = 1; lastKnownFileType = text.xcconfig; name = "Pods-taskapp2.release.xcconfig"; path = "Target Support Files/Pods-taskapp2/Pods-taskapp2.release.xcconfig"; sourceTree = "<group>"; };
		E62A8D8FECC55BFD24E5EA32 /* Pods-taskapp2.debug.xcconfig */ = {isa = PBXFileReference; includeInIndex = 1; lastKnownFileType = text.xcconfig; name = "Pods-taskapp2.debug.xcconfig"; path = "Target Support Files/Pods-taskapp2/Pods-taskapp2.debug.xcconfig"; sourceTree = "<group>"; };
		FF4B93BA22F54AB9000CEE00 /* taskapp2.app */ = {isa = PBXFileReference; explicitFileType = wrapper.application; includeInIndex = 0; path = taskapp2.app; sourceTree = BUILT_PRODUCTS_DIR; };
		FF4B93BD22F54AB9000CEE00 /* AppDelegate.swift */ = {isa = PBXFileReference; lastKnownFileType = sourcecode.swift; path = AppDelegate.swift; sourceTree = "<group>"; };
		FF4B93BF22F54AB9000CEE00 /* ViewController.swift */ = {isa = PBXFileReference; lastKnownFileType = sourcecode.swift; path = ViewController.swift; sourceTree = "<group>"; };
		FF4B93C222F54AB9000CEE00 /* Base */ = {isa = PBXFileReference; lastKnownFileType = file.storyboard; name = Base; path = Base.lproj/Main.storyboard; sourceTree = "<group>"; };
		FF4B93C422F54ABA000CEE00 /* Assets.xcassets */ = {isa = PBXFileReference; lastKnownFileType = folder.assetcatalog; path = Assets.xcassets; sourceTree = "<group>"; };
		FF4B93C722F54ABA000CEE00 /* Base */ = {isa = PBXFileReference; lastKnownFileType = file.storyboard; name = Base; path = Base.lproj/LaunchScreen.storyboard; sourceTree = "<group>"; };
		FF4B93C922F54ABA000CEE00 /* Info.plist */ = {isa = PBXFileReference; lastKnownFileType = text.plist.xml; path = Info.plist; sourceTree = "<group>"; };
		FF4B93CF22F54DB8000CEE00 /* InputViewController.swift */ = {isa = PBXFileReference; lastKnownFileType = sourcecode.swift; path = InputViewController.swift; sourceTree = "<group>"; };
		FFC846AB22F5510300663FBD /* Task.swift */ = {isa = PBXFileReference; lastKnownFileType = sourcecode.swift; path = Task.swift; sourceTree = "<group>"; };
/* End PBXFileReference section */

/* Begin PBXFrameworksBuildPhase section */
		FF4B93B722F54AB9000CEE00 /* Frameworks */ = {
			isa = PBXFrameworksBuildPhase;
			buildActionMask = 2147483647;
			files = (
				7A255EA90E9A33A8A0DF9B4A /* Pods_taskapp2.framework in Frameworks */,
			);
			runOnlyForDeploymentPostprocessing = 0;
		};
/* End PBXFrameworksBuildPhase section */

/* Begin PBXGroup section */
		16B8DE5D30F5D49480B366AB /* Pods */ = {
			isa = PBXGroup;
			children = (
				E62A8D8FECC55BFD24E5EA32 /* Pods-taskapp2.debug.xcconfig */,
				8EAD84BF54E4EA060AB28F2E /* Pods-taskapp2.release.xcconfig */,
			);
			path = Pods;
			sourceTree = "<group>";
		};
		A999055E86E2F9B6C0BC51B1 /* Frameworks */ = {
			isa = PBXGroup;
			children = (
				454B5F6337AE5265ED4984F0 /* Pods_taskapp2.framework */,
			);
			name = Frameworks;
			sourceTree = "<group>";
		};
		FF4B93B122F54AB9000CEE00 = {
			isa = PBXGroup;
			children = (
				FF4B93BC22F54AB9000CEE00 /* taskapp2 */,
				FF4B93BB22F54AB9000CEE00 /* Products */,
				16B8DE5D30F5D49480B366AB /* Pods */,
				A999055E86E2F9B6C0BC51B1 /* Frameworks */,
			);
			sourceTree = "<group>";
		};
		FF4B93BB22F54AB9000CEE00 /* Products */ = {
			isa = PBXGroup;
			children = (
				FF4B93BA22F54AB9000CEE00 /* taskapp2.app */,
			);
			name = Products;
			sourceTree = "<group>";
		};
		FF4B93BC22F54AB9000CEE00 /* taskapp2 */ = {
			isa = PBXGroup;
			children = (
				FF4B93BD22F54AB9000CEE00 /* AppDelegate.swift */,
				FF4B93BF22F54AB9000CEE00 /* ViewController.swift */,
				FF4B93C122F54AB9000CEE00 /* Main.storyboard */,
				FF4B93C422F54ABA000CEE00 /* Assets.xcassets */,
				FF4B93C622F54ABA000CEE00 /* LaunchScreen.storyboard */,
				FF4B93C922F54ABA000CEE00 /* Info.plist */,
				FF4B93CF22F54DB8000CEE00 /* InputViewController.swift */,
				FFC846AB22F5510300663FBD /* Task.swift */,
			);
			path = taskapp2;
			sourceTree = "<group>";
		};
/* End PBXGroup section */

/* Begin PBXNativeTarget section */
		FF4B93B922F54AB9000CEE00 /* taskapp2 */ = {
			isa = PBXNativeTarget;
			buildConfigurationList = FF4B93CC22F54ABA000CEE00 /* Build configuration list for PBXNativeTarget "taskapp2" */;
			buildPhases = (
				08BD5F5FE0DA9353DCBA5AFA /* [CP] Check Pods Manifest.lock */,
				FF4B93B622F54AB9000CEE00 /* Sources */,
				FF4B93B722F54AB9000CEE00 /* Frameworks */,
				FF4B93B822F54AB9000CEE00 /* Resources */,
				18425C68CE3A412BD573CC59 /* [CP] Embed Pods Frameworks */,
			);
			buildRules = (
			);
			dependencies = (
			);
			name = taskapp2;
			productName = taskapp2;
			productReference = FF4B93BA22F54AB9000CEE00 /* taskapp2.app */;
			productType = "com.apple.product-type.application";
		};
/* End PBXNativeTarget section */

/* Begin PBXProject section */
		FF4B93B222F54AB9000CEE00 /* Project object */ = {
			isa = PBXProject;
			attributes = {
				LastSwiftUpdateCheck = 1020;
				LastUpgradeCheck = 1020;
				ORGANIZATIONNAME = yukihide.suda;
				TargetAttributes = {
					FF4B93B922F54AB9000CEE00 = {
						CreatedOnToolsVersion = 10.2.1;
					};
				};
			};
			buildConfigurationList = FF4B93B522F54AB9000CEE00 /* Build configuration list for PBXProject "taskapp2" */;
			compatibilityVersion = "Xcode 9.3";
			developmentRegion = en;
			hasScannedForEncodings = 0;
			knownRegions = (
				en,
				Base,
			);
			mainGroup = FF4B93B122F54AB9000CEE00;
			productRefGroup = FF4B93BB22F54AB9000CEE00 /* Products */;
			projectDirPath = "";
			projectRoot = "";
			targets = (
				FF4B93B922F54AB9000CEE00 /* taskapp2 */,
			);
		};
/* End PBXProject section */

/* Begin PBXResourcesBuildPhase section */
		FF4B93B822F54AB9000CEE00 /* Resources */ = {
			isa = PBXResourcesBuildPhase;
			buildActionMask = 2147483647;
			files = (
				FF4B93C822F54ABA000CEE00 /* LaunchScreen.storyboard in Resources */,
				FF4B93C522F54ABA000CEE00 /* Assets.xcassets in Resources */,
				FF4B93C322F54AB9000CEE00 /* Main.storyboard in Resources */,
			);
			runOnlyForDeploymentPostprocessing = 0;
		};
/* End PBXResourcesBuildPhase section */

/* Begin PBXShellScriptBuildPhase section */
		08BD5F5FE0DA9353DCBA5AFA /* [CP] Check Pods Manifest.lock */ = {
			isa = PBXShellScriptBuildPhase;
			buildActionMask = 2147483647;
			files = (
			);
			inputFileListPaths = (
			);
			inputPaths = (
				"${PODS_PODFILE_DIR_PATH}/Podfile.lock",
				"${PODS_ROOT}/Manifest.lock",
			);
			name = "[CP] Check Pods Manifest.lock";
			outputFileListPaths = (
			);
			outputPaths = (
				"$(DERIVED_FILE_DIR)/Pods-taskapp2-checkManifestLockResult.txt",
			);
			runOnlyForDeploymentPostprocessing = 0;
			shellPath = /bin/sh;
			shellScript = "diff \"${PODS_PODFILE_DIR_PATH}/Podfile.lock\" \"${PODS_ROOT}/Manifest.lock\" > /dev/null\nif [ $? != 0 ] ; then\n    # print error to STDERR\n    echo \"error: The sandbox is not in sync with the Podfile.lock. Run 'pod install' or update your CocoaPods installation.\" >&2\n    exit 1\nfi\n# This output is used by Xcode 'outputs' to avoid re-running this script phase.\necho \"SUCCESS\" > \"${SCRIPT_OUTPUT_FILE_0}\"\n";
			showEnvVarsInLog = 0;
		};
		18425C68CE3A412BD573CC59 /* [CP] Embed Pods Frameworks */ = {
			isa = PBXShellScriptBuildPhase;
			buildActionMask = 2147483647;
			files = (
			);
			inputFileListPaths = (
				"${PODS_ROOT}/Target Support Files/Pods-taskapp2/Pods-taskapp2-frameworks-${CONFIGURATION}-input-files.xcfilelist",
			);
			name = "[CP] Embed Pods Frameworks";
			outputFileListPaths = (
				"${PODS_ROOT}/Target Support Files/Pods-taskapp2/Pods-taskapp2-frameworks-${CONFIGURATION}-output-files.xcfilelist",
			);
			runOnlyForDeploymentPostprocessing = 0;
			shellPath = /bin/sh;
			shellScript = "\"${PODS_ROOT}/Target Support Files/Pods-taskapp2/Pods-taskapp2-frameworks.sh\"\n";
			showEnvVarsInLog = 0;
		};
/* End PBXShellScriptBuildPhase section */

/* Begin PBXSourcesBuildPhase section */
		FF4B93B622F54AB9000CEE00 /* Sources */ = {
			isa = PBXSourcesBuildPhase;
			buildActionMask = 2147483647;
			files = (
				FFC846AC22F5510300663FBD /* Task.swift in Sources */,
				FF4B93D022F54DB8000CEE00 /* InputViewController.swift in Sources */,
				FF4B93C022F54AB9000CEE00 /* ViewController.swift in Sources */,
				FF4B93BE22F54AB9000CEE00 /* AppDelegate.swift in Sources */,
			);
			runOnlyForDeploymentPostprocessing = 0;
		};
/* End PBXSourcesBuildPhase section */

/* Begin PBXVariantGroup section */
		FF4B93C122F54AB9000CEE00 /* Main.storyboard */ = {
			isa = PBXVariantGroup;
			children = (
				FF4B93C222F54AB9000CEE00 /* Base */,
			);
			name = Main.storyboard;
			sourceTree = "<group>";
		};
		FF4B93C622F54ABA000CEE00 /* LaunchScreen.storyboard */ = {
			isa = PBXVariantGroup;
			children = (
				FF4B93C722F54ABA000CEE00 /* Base */,
			);
			name = LaunchScreen.storyboard;
			sourceTree = "<group>";
		};
/* End PBXVariantGroup section */

/* Begin XCBuildConfiguration section */
		FF4B93CA22F54ABA000CEE00 /* Debug */ = {
			isa = XCBuildConfiguration;
			buildSettings = {
				ALWAYS_SEARCH_USER_PATHS = NO;
				CLANG_ANALYZER_NONNULL = YES;
				CLANG_ANALYZER_NUMBER_OBJECT_CONVERSION = YES_AGGRESSIVE;
				CLANG_CXX_LANGUAGE_STANDARD = "gnu++14";
				CLANG_CXX_LIBRARY = "libc++";
				CLANG_ENABLE_MODULES = YES;
				CLANG_ENABLE_OBJC_ARC = YES;
				CLANG_ENABLE_OBJC_WEAK = YES;
				CLANG_WARN_BLOCK_CAPTURE_AUTORELEASING = YES;
				CLANG_WARN_BOOL_CONVERSION = YES;
				CLANG_WARN_COMMA = YES;
				CLANG_WARN_CONSTANT_CONVERSION = YES;
				CLANG_WARN_DEPRECATED_OBJC_IMPLEMENTATIONS = YES;
				CLANG_WARN_DIRECT_OBJC_ISA_USAGE = YES_ERROR;
				CLANG_WARN_DOCUMENTATION_COMMENTS = YES;
				CLANG_WARN_EMPTY_BODY = YES;
				CLANG_WARN_ENUM_CONVERSION = YES;
				CLANG_WARN_INFINITE_RECURSION = YES;
				CLANG_WARN_INT_CONVERSION = YES;
				CLANG_WARN_NON_LITERAL_NULL_CONVERSION = YES;
				CLANG_WARN_OBJC_IMPLICIT_RETAIN_SELF = YES;
				CLANG_WARN_OBJC_LITERAL_CONVERSION = YES;
				CLANG_WARN_OBJC_ROOT_CLASS = YES_ERROR;
				CLANG_WARN_RANGE_LOOP_ANALYSIS = YES;
				CLANG_WARN_STRICT_PROTOTYPES = YES;
				CLANG_WARN_SUSPICIOUS_MOVE = YES;
				CLANG_WARN_UNGUARDED_AVAILABILITY = YES_AGGRESSIVE;
				CLANG_WARN_UNREACHABLE_CODE = YES;
				CLANG_WARN__DUPLICATE_METHOD_MATCH = YES;
				CODE_SIGN_IDENTITY = "iPhone Developer";
				COPY_PHASE_STRIP = NO;
				DEBUG_INFORMATION_FORMAT = dwarf;
				ENABLE_STRICT_OBJC_MSGSEND = YES;
				ENABLE_TESTABILITY = YES;
				GCC_C_LANGUAGE_STANDARD = gnu11;
				GCC_DYNAMIC_NO_PIC = NO;
				GCC_NO_COMMON_BLOCKS = YES;
				GCC_OPTIMIZATION_LEVEL = 0;
				GCC_PREPROCESSOR_DEFINITIONS = (
					"DEBUG=1",
					"$(inherited)",
				);
				GCC_WARN_64_TO_32_BIT_CONVERSION = YES;
				GCC_WARN_ABOUT_RETURN_TYPE = YES_ERROR;
				GCC_WARN_UNDECLARED_SELECTOR = YES;
				GCC_WARN_UNINITIALIZED_AUTOS = YES_AGGRESSIVE;
				GCC_WARN_UNUSED_FUNCTION = YES;
				GCC_WARN_UNUSED_VARIABLE = YES;
				IPHONEOS_DEPLOYMENT_TARGET = 12.2;
				MTL_ENABLE_DEBUG_INFO = INCLUDE_SOURCE;
				MTL_FAST_MATH = YES;
				ONLY_ACTIVE_ARCH = YES;
				SDKROOT = iphoneos;
				SWIFT_ACTIVE_COMPILATION_CONDITIONS = DEBUG;
				SWIFT_OPTIMIZATION_LEVEL = "-Onone";
			};
			name = Debug;
		};
		FF4B93CB22F54ABA000CEE00 /* Release */ = {
			isa = XCBuildConfiguration;
			buildSettings = {
				ALWAYS_SEARCH_USER_PATHS = NO;
				CLANG_ANALYZER_NONNULL = YES;
				CLANG_ANALYZER_NUMBER_OBJECT_CONVERSION = YES_AGGRESSIVE;
				CLANG_CXX_LANGUAGE_STANDARD = "gnu++14";
				CLANG_CXX_LIBRARY = "libc++";
				CLANG_ENABLE_MODULES = YES;
				CLANG_ENABLE_OBJC_ARC = YES;
				CLANG_ENABLE_OBJC_WEAK = YES;
				CLANG_WARN_BLOCK_CAPTURE_AUTORELEASING = YES;
				CLANG_WARN_BOOL_CONVERSION = YES;
				CLANG_WARN_COMMA = YES;
				CLANG_WARN_CONSTANT_CONVERSION = YES;
				CLANG_WARN_DEPRECATED_OBJC_IMPLEMENTATIONS = YES;
				CLANG_WARN_DIRECT_OBJC_ISA_USAGE = YES_ERROR;
				CLANG_WARN_DOCUMENTATION_COMMENTS = YES;
				CLANG_WARN_EMPTY_BODY = YES;
				CLANG_WARN_ENUM_CONVERSION = YES;
				CLANG_WARN_INFINITE_RECURSION = YES;
				CLANG_WARN_INT_CONVERSION = YES;
				CLANG_WARN_NON_LITERAL_NULL_CONVERSION = YES;
				CLANG_WARN_OBJC_IMPLICIT_RETAIN_SELF = YES;
				CLANG_WARN_OBJC_LITERAL_CONVERSION = YES;
				CLANG_WARN_OBJC_ROOT_CLASS = YES_ERROR;
				CLANG_WARN_RANGE_LOOP_ANALYSIS = YES;
				CLANG_WARN_STRICT_PROTOTYPES = YES;
				CLANG_WARN_SUSPICIOUS_MOVE = YES;
				CLANG_WARN_UNGUARDED_AVAILABILITY = YES_AGGRESSIVE;
				CLANG_WARN_UNREACHABLE_CODE = YES;
				CLANG_WARN__DUPLICATE_METHOD_MATCH = YES;
				CODE_SIGN_IDENTITY = "iPhone Developer";
				COPY_PHASE_STRIP = NO;
				DEBUG_INFORMATION_FORMAT = "dwarf-with-dsym";
				ENABLE_NS_ASSERTIONS = NO;
				ENABLE_STRICT_OBJC_MSGSEND = YES;
				GCC_C_LANGUAGE_STANDARD = gnu11;
				GCC_NO_COMMON_BLOCKS = YES;
				GCC_WARN_64_TO_32_BIT_CONVERSION = YES;
				GCC_WARN_ABOUT_RETURN_TYPE = YES_ERROR;
				GCC_WARN_UNDECLARED_SELECTOR = YES;
				GCC_WARN_UNINITIALIZED_AUTOS = YES_AGGRESSIVE;
				GCC_WARN_UNUSED_FUNCTION = YES;
				GCC_WARN_UNUSED_VARIABLE = YES;
				IPHONEOS_DEPLOYMENT_TARGET = 12.2;
				MTL_ENABLE_DEBUG_INFO = NO;
				MTL_FAST_MATH = YES;
				SDKROOT = iphoneos;
				SWIFT_COMPILATION_MODE = wholemodule;
				SWIFT_OPTIMIZATION_LEVEL = "-O";
				VALIDATE_PRODUCT = YES;
			};
			name = Release;
		};
		FF4B93CD22F54ABA000CEE00 /* Debug */ = {
			isa = XCBuildConfiguration;
			baseConfigurationReference = E62A8D8FECC55BFD24E5EA32 /* Pods-taskapp2.debug.xcconfig */;
			buildSettings = {
				ASSETCATALOG_COMPILER_APPICON_NAME = AppIcon;
				CODE_SIGN_STYLE = Automatic;
				DEVELOPMENT_TEAM = 5BHK5Y9556;
				INFOPLIST_FILE = taskapp2/Info.plist;
				LD_RUNPATH_SEARCH_PATHS = (
					"$(inherited)",
					"@executable_path/Frameworks",
				);
				PRODUCT_BUNDLE_IDENTIFIER = jp.techacademy.yukihide.suda.taskapp2;
				PRODUCT_NAME = "$(TARGET_NAME)";
				SWIFT_VERSION = 5.0;
				TARGETED_DEVICE_FAMILY = 1;
			};
			name = Debug;
		};
		FF4B93CE22F54ABA000CEE00 /* Release */ = {
			isa = XCBuildConfiguration;
			baseConfigurationReference = 8EAD84BF54E4EA060AB28F2E /* Pods-taskapp2.release.xcconfig */;
			buildSettings = {
				ASSETCATALOG_COMPILER_APPICON_NAME = AppIcon;
				CODE_SIGN_STYLE = Automatic;
				DEVELOPMENT_TEAM = 5BHK5Y9556;
				INFOPLIST_FILE = taskapp2/Info.plist;
				LD_RUNPATH_SEARCH_PATHS = (
					"$(inherited)",
					"@executable_path/Frameworks",
				);
				PRODUCT_BUNDLE_IDENTIFIER = jp.techacademy.yukihide.suda.taskapp2;
				PRODUCT_NAME = "$(TARGET_NAME)";
				SWIFT_VERSION = 5.0;
				TARGETED_DEVICE_FAMILY = 1;
			};
			name = Release;
		};
/* End XCBuildConfiguration section */

/* Begin XCConfigurationList section */
		FF4B93B522F54AB9000CEE00 /* Build configuration list for PBXProject "taskapp2" */ = {
			isa = XCConfigurationList;
			buildConfigurations = (
				FF4B93CA22F54ABA000CEE00 /* Debug */,
				FF4B93CB22F54ABA000CEE00 /* Release */,
			);
			defaultConfigurationIsVisible = 0;
			defaultConfigurationName = Release;
		};
		FF4B93CC22F54ABA000CEE00 /* Build configuration list for PBXNativeTarget "taskapp2" */ = {
			isa = XCConfigurationList;
			buildConfigurations = (
				FF4B93CD22F54ABA000CEE00 /* Debug */,
				FF4B93CE22F54ABA000CEE00 /* Release */,
			);
			defaultConfigurationIsVisible = 0;
			defaultConfigurationName = Release;
		};
/* End XCConfigurationList section */
	};
	rootObject = FF4B93B222F54AB9000CEE00 /* Project object */;
}
